{
  "name": "news_dev",
  "lockfileVersion": 2,
  "requires": true,
  "packages": {
    "": {
      "dependencies": {
        "ethiopian-calendar-date-converter": "^1.0.2",
        "ethiopian-date": "^0.0.6"
      }
    },
    "node_modules/ethiopian-calendar-date-converter": {
      "version": "1.0.2",
      "resolved": "https://registry.npmjs.org/ethiopian-calendar-date-converter/-/ethiopian-calendar-date-converter-1.0.2.tgz",
      "integrity": "sha512-XDKlE0zWqyVpV3c4czlxeGMbb5PrAFqHK0YCtXTj6OaKjcln+iFwTXXOthGwDXRKkVF7OEaxL2HXctCsaRw5SA=="
    },
    "node_modules/ethiopian-date": {
      "version": "0.0.6",
      "resolved": "https://registry.npmjs.org/ethiopian-date/-/ethiopian-date-0.0.6.tgz",
      "integrity": "sha1-eOqtUDqlGAAnS7mQu4ZCwus8zsc="
    }
  },
  "dependencies": {
    "ethiopian-calendar-date-converter": {
      "version": "1.0.2",
      "resolved": "https://registry.npmjs.org/ethiopian-calendar-date-converter/-/ethiopian-calendar-date-converter-1.0.2.tgz",
      "integrity": "sha512-XDKlE0zWqyVpV3c4czlxeGMbb5PrAFqHK0YCtXTj6OaKjcln+iFwTXXOthGwDXRKkVF7OEaxL2HXctCsaRw5SA=="
    },
    "ethiopian-date": {
      "version": "0.0.6",
      "resolved": "https://registry.npmjs.org/ethiopian-date/-/ethiopian-date-0.0.6.tgz",
      "integrity": "sha1-eOqtUDqlGAAnS7mQu4ZCwus8zsc="
    }
  }
}
